{
  "version": 4,
  "terraform_version": "0.12.28",
  "serial": 11,
  "lineage": "2d155f50-2328-9b42-8208-a18e5af633d5",
  "outputs": {
    "server1": {
      "value": "server1 ip: 10.72.99.162",
      "type": "string"
    }
  },
  "resources": [
    {
      "mode": "managed",
      "type": "openstack_compute_floatingip_associate_v2",
      "name": "floating_ip_1",
      "provider": "provider.openstack",
      "instances": [
        {
          "schema_version": 0,
          "attributes": {
            "fixed_ip": "",
            "floating_ip": "10.72.99.162",
            "id": "10.72.99.162/4c77d507-027a-4ad6-8afa-53e1bc2239ff/",
            "instance_id": "4c77d507-027a-4ad6-8afa-53e1bc2239ff",
            "region": "RegionOne",
            "timeouts": null,
            "wait_until_associated": null
          },
          "private": "eyJlMmJmYjczMC1lY2FhLTExZTYtOGY4OC0zNDM2M2JjN2M0YzAiOnsiY3JlYXRlIjo2MDAwMDAwMDAwMDB9fQ==",
          "dependencies": [
            "openstack_compute_instance_v2.instance_1",
            "openstack_compute_secgroup_v2.security_group",
            "openstack_networking_floatingip_v2.floating_ip_1"
          ]
        }
      ]
    },
    {
      "mode": "managed",
      "type": "openstack_compute_instance_v2",
      "name": "instance_1",
      "provider": "provider.openstack",
      "instances": [
        {
          "schema_version": 0,
          "attributes": {
            "access_ip_v4": "192.168.199.22",
            "access_ip_v6": "",
            "admin_pass": null,
            "all_metadata": {},
            "all_tags": [],
            "availability_zone": "nova",
            "availability_zone_hints": null,
            "block_device": [],
            "config_drive": null,
            "flavor_id": "3522106a-582a-43fe-b688-7dbdca91c6d9",
            "flavor_name": "m1.large",
            "floating_ip": null,
            "force_delete": false,
            "id": "4c77d507-027a-4ad6-8afa-53e1bc2239ff",
            "image_id": "a87aae32-018e-466e-96b8-6396e8308aed",
            "image_name": "Cent OS 8.1.1911 20200113",
            "key_pair": "cloud",
            "metadata": null,
            "name": "CentOS 1",
            "network": [
              {
                "access_network": false,
                "fixed_ip_v4": "192.168.199.22",
                "fixed_ip_v6": "",
                "floating_ip": "",
                "mac": "fa:16:3e:31:5a:22",
                "name": "default",
                "port": "",
                "uuid": ""
              }
            ],
            "network_mode": null,
            "personality": [],
            "power_state": "active",
            "region": "RegionOne",
            "scheduler_hints": [],
            "security_groups": [
              "tf_security"
            ],
            "stop_before_destroy": false,
            "tags": null,
            "timeouts": null,
            "user_data": "09426049c7e6791ba082238fe73c3953d1d6ab06",
            "vendor_options": [],
            "volume": []
          },
          "private": "eyJlMmJmYjczMC1lY2FhLTExZTYtOGY4OC0zNDM2M2JjN2M0YzAiOnsiY3JlYXRlIjoxODAwMDAwMDAwMDAwLCJkZWxldGUiOjE4MDAwMDAwMDAwMDAsInVwZGF0ZSI6MTgwMDAwMDAwMDAwMH19",
          "dependencies": [
            "openstack_compute_secgroup_v2.security_group"
          ]
        }
      ]
    },
    {
      "mode": "managed",
      "type": "openstack_compute_secgroup_v2",
      "name": "security_group",
      "provider": "provider.openstack",
      "instances": [
        {
          "schema_version": 0,
          "attributes": {
            "description": "Terraform security group",
            "id": "ebdc7e13-3d57-4fa5-943e-2eeb4d93ec7e",
            "name": "tf_security",
            "region": "RegionOne",
            "rule": [
              {
                "cidr": "0.0.0.0/0",
                "from_group_id": "",
                "from_port": 22,
                "id": "ab36e131-92f3-47fe-beff-145bced8e794",
                "ip_protocol": "tcp",
                "self": false,
                "to_port": 22
              },
              {
                "cidr": "0.0.0.0/0",
                "from_group_id": "",
                "from_port": 8081,
                "id": "9e1d6219-22ab-4cbe-83bc-fe10583d8340",
                "ip_protocol": "tcp",
                "self": false,
                "to_port": 8443
              }
            ],
            "timeouts": null
          },
          "private": "eyJlMmJmYjczMC1lY2FhLTExZTYtOGY4OC0zNDM2M2JjN2M0YzAiOnsiZGVsZXRlIjo2MDAwMDAwMDAwMDB9fQ=="
        }
      ]
    },
    {
      "mode": "managed",
      "type": "openstack_networking_floatingip_v2",
      "name": "floating_ip_1",
      "provider": "provider.openstack",
      "instances": [
        {
          "schema_version": 0,
          "attributes": {
            "address": "10.72.99.162",
            "all_tags": [],
            "description": "",
            "dns_domain": "",
            "dns_name": "",
            "fixed_ip": "192.168.199.90",
            "id": "0516e3e0-9e1f-41a6-8ad3-4a69a938e223",
            "pool": "cscloud_private_floating",
            "port_id": "6103a2c6-436c-4f12-8260-916f1b18420b",
            "region": "RegionOne",
            "subnet_id": null,
            "subnet_ids": null,
            "tags": [],
            "tenant_id": "41abc3ed2d044de980dd2a8652be38fc",
            "timeouts": null,
            "value_specs": null
          },
          "private": "eyJlMmJmYjczMC1lY2FhLTExZTYtOGY4OC0zNDM2M2JjN2M0YzAiOnsiY3JlYXRlIjo2MDAwMDAwMDAwMDAsImRlbGV0ZSI6NjAwMDAwMDAwMDAwfX0="
        }
      ]
    }
  ]
}
